{
  "lockfile_version": "1",
  "packages": {
    "github:NixOS/nixpkgs/nixpkgs-unstable": {
      "last_modified": "2025-12-27T12:56:01Z",
      "resolved": "github:NixOS/nixpkgs/3edc4a30ed3903fdf6f90c837f961fa6b49582d1?lastModified=1766840161&narHash=sha256-Ss%2FLHpJJsng8vz1Pe33RSGIWUOcqM1fjrehjUkdrWio%3D"
    },
    "inotify-tools@4.25.9.0": {
      "last_modified": "2025-11-23T21:50:36Z",
      "resolved": "github:NixOS/nixpkgs/ee09932cedcef15aaf476f9343d1dea2cb77e261#inotify-tools",
      "source": "devbox-search",
      "version": "4.25.9.0",
      "systems": {
        "aarch64-linux": {
          "outputs": [
            {
              "name": "out",
              "path": "/nix/store/r0306alsd2qv2b2dw6wh8mfnwvprijan-inotify-tools-4.25.9.0",
              "default": true
            }
          ],
          "store_path": "/nix/store/r0306alsd2qv2b2dw6wh8mfnwvprijan-inotify-tools-4.25.9.0"
        },
        "x86_64-linux": {
          "outputs": [
            {
              "name": "out",
              "path": "/nix/store/xijv0fb5dzg5hf4nlr28yxcf0bilpzcb-inotify-tools-4.25.9.0",
              "default": true
            }
          ],
          "store_path": "/nix/store/xijv0fb5dzg5hf4nlr28yxcf0bilpzcb-inotify-tools-4.25.9.0"
        }
      }
    },
    "mise@2025.11.11": {
      "last_modified": "2025-12-01T11:04:22Z",
      "resolved": "github:NixOS/nixpkgs/c1cb7d097cb250f6e1904aacd5f2ba5ffd8a49ce#mise",
      "source": "devbox-search",
      "version": "2025.11.11",
      "systems": {
        "aarch64-darwin": {
          "outputs": [
            {
              "name": "out",
              "path": "/nix/store/zsg53fbdhwhxcpa3rjn7gzlfair92hna-mise-2025.11.11",
              "default": true
            }
          ],
          "store_path": "/nix/store/zsg53fbdhwhxcpa3rjn7gzlfair92hna-mise-2025.11.11"
        },
        "aarch64-linux": {
          "outputs": [
            {
              "name": "out",
              "path": "/nix/store/k89vpmsxn916iip162j4b6jkjjlhsd72-mise-2025.11.11",
              "default": true
            }
          ],
          "store_path": "/nix/store/k89vpmsxn916iip162j4b6jkjjlhsd72-mise-2025.11.11"
        },
        "x86_64-darwin": {
          "outputs": [
            {
              "name": "out",
              "path": "/nix/store/1b3xgrbjabgvwpx5b39dy5b324hhrbi7-mise-2025.11.11",
              "default": true
            }
          ],
          "store_path": "/nix/store/1b3xgrbjabgvwpx5b39dy5b324hhrbi7-mise-2025.11.11"
        },
        "x86_64-linux": {
          "outputs": [
            {
              "name": "out",
              "path": "/nix/store/99hkwg1rzadnamqnvzxg7md7ywx26wvb-mise-2025.11.11",
              "default": true
            }
          ],
          "store_path": "/nix/store/99hkwg1rzadnamqnvzxg7md7ywx26wvb-mise-2025.11.11"
        }
      }
    },
    "shellcheck@0.10.0": {
      "last_modified": "2025-09-18T16:33:27Z",
      "resolved": "github:NixOS/nixpkgs/f4b140d5b253f5e2a1ff4e5506edbf8267724bde#shellcheck",
      "source": "devbox-search",
      "version": "0.10.0",
      "systems": {
        "aarch64-darwin": {
          "outputs": [
            {
              "name": "bin",
              "path": "/nix/store/dxppq6y4mb663r0li716pavrahwh9sws-shellcheck-0.10.0-bin",
              "default": true
            },
            {
              "name": "man",
              "path": "/nix/store/7lpymai82rrcps6z7zl4q5j69w3pp5ng-shellcheck-0.10.0-man",
              "default": true
            },
            {
              "name": "doc",
              "path": "/nix/store/0wbb09lk7bx9ywc453a8nnw41hc8qp1i-shellcheck-0.10.0-doc",
              "default": true
            },
            {
              "name": "out",
              "path": "/nix/store/ffxba7sh87j0vg759cjm7qmcadsmbfw7-shellcheck-0.10.0"
            }
          ],
          "store_path": "/nix/store/dxppq6y4mb663r0li716pavrahwh9sws-shellcheck-0.10.0-bin"
        },
        "aarch64-linux": {
          "outputs": [
            {
              "name": "bin",
              "path": "/nix/store/kvhcnjzmjyqc641yd57f7g26nraw64sm-shellcheck-0.10.0-bin",
              "default": true
            },
            {
              "name": "man",
              "path": "/nix/store/2ps0gaalsjfvd6vh0zhq2l4d6xgrma8l-shellcheck-0.10.0-man",
              "default": true
            },
            {
              "name": "doc",
              "path": "/nix/store/vn7d2fwlkjgq6hy3c7gjcypg3slkf592-shellcheck-0.10.0-doc",
              "default": true
            },
            {
              "name": "out",
              "path": "/nix/store/dxqnpdj372kh001d84dg29l6l3aflrc0-shellcheck-0.10.0"
            }
          ],
          "store_path": "/nix/store/kvhcnjzmjyqc641yd57f7g26nraw64sm-shellcheck-0.10.0-bin"
        },
        "x86_64-darwin": {
          "outputs": [
            {
              "name": "bin",
              "path": "/nix/store/ri8byd60sb58xqf3m0bli53xflx9n4l4-shellcheck-0.10.0-bin",
              "default": true
            },
            {
              "name": "man",
              "path": "/nix/store/0an459l9ajzapm9kinqh344xnlzp70fy-shellcheck-0.10.0-man",
              "default": true
            },
            {
              "name": "doc",
              "path": "/nix/store/b1hcrb9c98w7cwqjc5wy5rrfx1gnw7lz-shellcheck-0.10.0-doc",
              "default": true
            },
            {
              "name": "out",
              "path": "/nix/store/5rfsd78v2il52xqvxmx15pp52zlds4al-shellcheck-0.10.0"
            }
          ],
          "store_path": "/nix/store/ri8byd60sb58xqf3m0bli53xflx9n4l4-shellcheck-0.10.0-bin"
        },
        "x86_64-linux": {
          "outputs": [
            {
              "name": "bin",
              "path": "/nix/store/ayfrkdpk1sygzwwjqh19gcp5sfh557zd-shellcheck-0.10.0-bin",
              "default": true
            },
            {
              "name": "man",
              "path": "/nix/store/n8asflghb73ph65f2ixvr8hv6h7v9w0g-shellcheck-0.10.0-man",
              "default": true
            },
            {
              "name": "doc",
              "path": "/nix/store/wgb75fahwjf0h5gc7ww5zcvkhbm88sps-shellcheck-0.10.0-doc",
              "default": true
            },
            {
              "name": "out",
              "path": "/nix/store/vh0ng4iyxch4lqmjmkbbjx8dw8xp569y-shellcheck-0.10.0"
            }
          ],
          "store_path": "/nix/store/ayfrkdpk1sygzwwjqh19gcp5sfh557zd-shellcheck-0.10.0-bin"
        }
      }
    },
    "shfmt@3.10.0": {
      "last_modified": "2025-02-23T09:42:26Z",
      "resolved": "github:NixOS/nixpkgs/2d068ae5c6516b2d04562de50a58c682540de9bf#shfmt",
      "source": "devbox-search",
      "version": "3.10.0",
      "systems": {
        "aarch64-darwin": {
          "outputs": [
            {
              "name": "out",
              "path": "/nix/store/0ybkrz978p0az973ccwp87v5zsj6khff-shfmt-3.10.0",
              "default": true
            }
          ],
          "store_path": "/nix/store/0ybkrz978p0az973ccwp87v5zsj6khff-shfmt-3.10.0"
        },
        "aarch64-linux": {
          "outputs": [
            {
              "name": "out",
              "path": "/nix/store/rds41paa47k78m1ynfcz59v12iwimhmb-shfmt-3.10.0",
              "default": true
            }
          ],
          "store_path": "/nix/store/rds41paa47k78m1ynfcz59v12iwimhmb-shfmt-3.10.0"
        },
        "x86_64-darwin": {
          "outputs": [
            {
              "name": "out",
              "path": "/nix/store/0nisw294jh2kw3qc8djcdm8i720k3xqm-shfmt-3.10.0",
              "default": true
            }
          ],
          "store_path": "/nix/store/0nisw294jh2kw3qc8djcdm8i720k3xqm-shfmt-3.10.0"
        },
        "x86_64-linux": {
          "outputs": [
            {
              "name": "out",
              "path": "/nix/store/8i0y2ciqzxw9akb6xlnl68sljl0nj9qz-shfmt-3.10.0",
              "default": true
            }
          ],
          "store_path": "/nix/store/8i0y2ciqzxw9akb6xlnl68sljl0nj9qz-shfmt-3.10.0"
        }
      }
    }
  }
}
